// !$*UTF8*$!
{
	archiveVersion = 1;
	classes = {
	};
	objectVersion = 56;
	objects = {

/* Begin PBXBuildFile section */
		0B353B162A1A6361003816C3 /* AppDelegate.swift in Sources */ = {isa = PBXBuildFile; fileRef = 0B353B152A1A6361003816C3 /* AppDelegate.swift */; };
		0B353B182A1A6361003816C3 /* SceneDelegate.swift in Sources */ = {isa = PBXBuildFile; fileRef = 0B353B172A1A6361003816C3 /* SceneDelegate.swift */; };
		0B353B1A2A1A6361003816C3 /* ViewController.swift in Sources */ = {isa = PBXBuildFile; fileRef = 0B353B192A1A6361003816C3 /* ViewController.swift */; };
		0B353B1D2A1A6361003816C3 /* Main.storyboard in Resources */ = {isa = PBXBuildFile; fileRef = 0B353B1B2A1A6361003816C3 /* Main.storyboard */; };
		0B353B1F2A1A6364003816C3 /* Assets.xcassets in Resources */ = {isa = PBXBuildFile; fileRef = 0B353B1E2A1A6364003816C3 /* Assets.xcassets */; };
		0B353B222A1A6364003816C3 /* LaunchScreen.storyboard in Resources */ = {isa = PBXBuildFile; fileRef = 0B353B202A1A6364003816C3 /* LaunchScreen.storyboard */; };
		0B353B2D2A1A6364003816C3 /* MapsAppTests.swift in Sources */ = {isa = PBXBuildFile; fileRef = 0B353B2C2A1A6364003816C3 /* MapsAppTests.swift */; };
		0B353B372A1A6364003816C3 /* MapsAppUITests.swift in Sources */ = {isa = PBXBuildFile; fileRef = 0B353B362A1A6364003816C3 /* MapsAppUITests.swift */; };
		0B353B392A1A6364003816C3 /* MapsAppUITestsLaunchTests.swift in Sources */ = {isa = PBXBuildFile; fileRef = 0B353B382A1A6364003816C3 /* MapsAppUITestsLaunchTests.swift */; };
/* End PBXBuildFile section */

/* Begin PBXContainerItemProxy section */
		0B353B292A1A6364003816C3 /* PBXContainerItemProxy */ = {
			isa = PBXContainerItemProxy;
			containerPortal = 0B353B0A2A1A6361003816C3 /* Project object */;
			proxyType = 1;
			remoteGlobalIDString = 0B353B112A1A6361003816C3;
			remoteInfo = MapsApp;
		};
		0B353B332A1A6364003816C3 /* PBXContainerItemProxy */ = {
			isa = PBXContainerItemProxy;
			containerPortal = 0B353B0A2A1A6361003816C3 /* Project object */;
			proxyType = 1;
			remoteGlobalIDString = 0B353B112A1A6361003816C3;
			remoteInfo = MapsApp;
		};
/* End PBXContainerItemProxy section */

/* Begin PBXFileReference section */
		0B353B122A1A6361003816C3 /* MapsApp.app */ = {isa = PBXFileReference; explicitFileType = wrapper.application; includeInIndex = 0; path = MapsApp.app; sourceTree = BUILT_PRODUCTS_DIR; };
		0B353B152A1A6361003816C3 /* AppDelegate.swift */ = {isa = PBXFileReference; lastKnownFileType = sourcecode.swift; path = AppDelegate.swift; sourceTree = "<group>"; };
		0B353B172A1A6361003816C3 /* SceneDelegate.swift */ = {isa = PBXFileReference; lastKnownFileType = sourcecode.swift; path = SceneDelegate.swift; sourceTree = "<group>"; };
		0B353B192A1A6361003816C3 /* ViewController.swift */ = {isa = PBXFileReference; lastKnownFileType = sourcecode.swift; path = ViewController.swift; sourceTree = "<group>"; };
		0B353B1C2A1A6361003816C3 /* Base */ = {isa = PBXFileReference; lastKnownFileType = file.storyboard; name = Base; path = Base.lproj/Main.storyboard; sourceTree = "<group>"; };
		0B353B1E2A1A6364003816C3 /* Assets.xcassets */ = {isa = PBXFileReference; lastKnownFileType = folder.assetcatalog; path = Assets.xcassets; sourceTree = "<group>"; };
		0B353B212A1A6364003816C3 /* Base */ = {isa = PBXFileReference; lastKnownFileType = file.storyboard; name = Base; path = Base.lproj/LaunchScreen.storyboard; sourceTree = "<group>"; };
		0B353B232A1A6364003816C3 /* Info.plist */ = {isa = PBXFileReference; lastKnownFileType = text.plist.xml; path = Info.plist; sourceTree = "<group>"; };
		0B353B282A1A6364003816C3 /* MapsAppTests.xctest */ = {isa = PBXFileReference; explicitFileType = wrapper.cfbundle; includeInIndex = 0; path = MapsAppTests.xctest; sourceTree = BUILT_PRODUCTS_DIR; };
		0B353B2C2A1A6364003816C3 /* MapsAppTests.swift */ = {isa = PBXFileReference; lastKnownFileType = sourcecode.swift; path = MapsAppTests.swift; sourceTree = "<group>"; };
		0B353B322A1A6364003816C3 /* MapsAppUITests.xctest */ = {isa = PBXFileReference; explicitFileType = wrapper.cfbundle; includeInIndex = 0; path = MapsAppUITests.xctest; sourceTree = BUILT_PRODUCTS_DIR; };
		0B353B362A1A6364003816C3 /* MapsAppUITests.swift */ = {isa = PBXFileReference; lastKnownFileType = sourcecode.swift; path = MapsAppUITests.swift; sourceTree = "<group>"; };
		0B353B382A1A6364003816C3 /* MapsAppUITestsLaunchTests.swift */ = {isa = PBXFileReference; lastKnownFileType = sourcecode.swift; path = MapsAppUITestsLaunchTests.swift; sourceTree = "<group>"; };
/* End PBXFileReference section */

/* Begin PBXFrameworksBuildPhase section */
		0B353B0F2A1A6361003816C3 /* Frameworks */ = {
			isa = PBXFrameworksBuildPhase;
			buildActionMask = 2147483647;
			files = (
			);
			runOnlyForDeploymentPostprocessing = 0;
		};
		0B353B252A1A6364003816C3 /* Frameworks */ = {
			isa = PBXFrameworksBuildPhase;
			buildActionMask = 2147483647;
			files = (
			);
			runOnlyForDeploymentPostprocessing = 0;
		};
		0B353B2F2A1A6364003816C3 /* Frameworks */ = {
			isa = PBXFrameworksBuildPhase;
			buildActionMask = 2147483647;
			files = (
			);
			runOnlyForDeploymentPostprocessing = 0;
		};
/* End PBXFrameworksBuildPhase section */

/* Begin PBXGroup section */
		0B353B092A1A6361003816C3 = {
			isa = PBXGroup;
			children = (
				0B353B142A1A6361003816C3 /* MapsApp */,
				0B353B2B2A1A6364003816C3 /* MapsAppTests */,
				0B353B352A1A6364003816C3 /* MapsAppUITests */,
				0B353B132A1A6361003816C3 /* Products */,
			);
			sourceTree = "<group>";
		};
		0B353B132A1A6361003816C3 /* Products */ = {
			isa = PBXGroup;
			children = (
				0B353B122A1A6361003816C3 /* MapsApp.app */,
				0B353B282A1A6364003816C3 /* MapsAppTests.xctest */,
				0B353B322A1A6364003816C3 /* MapsAppUITests.xctest */,
			);
			name = Products;
			sourceTree = "<group>";
		};
		0B353B142A1A6361003816C3 /* MapsApp */ = {
			isa = PBXGroup;
			children = (
				0B353B152A1A6361003816C3 /* AppDelegate.swift */,
				0B353B172A1A6361003816C3 /* SceneDelegate.swift */,
				0B353B192A1A6361003816C3 /* ViewController.swift */,
				0B353B1B2A1A6361003816C3 /* Main.storyboard */,
				0B353B1E2A1A6364003816C3 /* Assets.xcassets */,
				0B353B202A1A6364003816C3 /* LaunchScreen.storyboard */,
				0B353B232A1A6364003816C3 /* Info.plist */,
			);
			path = MapsApp;
			sourceTree = "<group>";
		};
		0B353B2B2A1A6364003816C3 /* MapsAppTests */ = {
			isa = PBXGroup;
			children = (
				0B353B2C2A1A6364003816C3 /* MapsAppTests.swift */,
			);
			path = MapsAppTests;
			sourceTree = "<group>";
		};
		0B353B352A1A6364003816C3 /* MapsAppUITests */ = {
			isa = PBXGroup;
			children = (
				0B353B362A1A6364003816C3 /* MapsAppUITests.swift */,
				0B353B382A1A6364003816C3 /* MapsAppUITestsLaunchTests.swift */,
			);
			path = MapsAppUITests;
			sourceTree = "<group>";
		};
/* End PBXGroup section */

/* Begin PBXNativeTarget section */
		0B353B112A1A6361003816C3 /* MapsApp */ = {
			isa = PBXNativeTarget;
			buildConfigurationList = 0B353B3C2A1A6364003816C3 /* Build configuration list for PBXNativeTarget "MapsApp" */;
			buildPhases = (
				0B353B0E2A1A6361003816C3 /* Sources */,
				0B353B0F2A1A6361003816C3 /* Frameworks */,
				0B353B102A1A6361003816C3 /* Resources */,
			);
			buildRules = (
			);
			dependencies = (
			);
			name = MapsApp;
			productName = MapsApp;
			productReference = 0B353B122A1A6361003816C3 /* MapsApp.app */;
			productType = "com.apple.product-type.application";
		};
		0B353B272A1A6364003816C3 /* MapsAppTests */ = {
			isa = PBXNativeTarget;
			buildConfigurationList = 0B353B3F2A1A6364003816C3 /* Build configuration list for PBXNativeTarget "MapsAppTests" */;
			buildPhases = (
				0B353B242A1A6364003816C3 /* Sources */,
				0B353B252A1A6364003816C3 /* Frameworks */,
				0B353B262A1A6364003816C3 /* Resources */,
			);
			buildRules = (
			);
			dependencies = (
				0B353B2A2A1A6364003816C3 /* PBXTargetDependency */,
			);
			name = MapsAppTests;
			productName = MapsAppTests;
			productReference = 0B353B282A1A6364003816C3 /* MapsAppTests.xctest */;
			productType = "com.apple.product-type.bundle.unit-test";
		};
		0B353B312A1A6364003816C3 /* MapsAppUITests */ = {
			isa = PBXNativeTarget;
			buildConfigurationList = 0B353B422A1A6364003816C3 /* Build configuration list for PBXNativeTarget "MapsAppUITests" */;
			buildPhases = (
				0B353B2E2A1A6364003816C3 /* Sources */,
				0B353B2F2A1A6364003816C3 /* Frameworks */,
				0B353B302A1A6364003816C3 /* Resources */,
			);
			buildRules = (
			);
			dependencies = (
				0B353B342A1A6364003816C3 /* PBXTargetDependency */,
			);
			name = MapsAppUITests;
			productName = MapsAppUITests;
			productReference = 0B353B322A1A6364003816C3 /* MapsAppUITests.xctest */;
			productType = "com.apple.product-type.bundle.ui-testing";
		};
/* End PBXNativeTarget section */

/* Begin PBXProject section */
		0B353B0A2A1A6361003816C3 /* Project object */ = {
			isa = PBXProject;
			attributes = {
				BuildIndependentTargetsInParallel = 1;
				LastSwiftUpdateCheck = 1430;
				LastUpgradeCheck = 1430;
				TargetAttributes = {
					0B353B112A1A6361003816C3 = {
						CreatedOnToolsVersion = 14.3;
					};
					0B353B272A1A6364003816C3 = {
						CreatedOnToolsVersion = 14.3;
						TestTargetID = 0B353B112A1A6361003816C3;
					};
					0B353B312A1A6364003816C3 = {
						CreatedOnToolsVersion = 14.3;
						TestTargetID = 0B353B112A1A6361003816C3;
					};
				};
			};
			buildConfigurationList = 0B353B0D2A1A6361003816C3 /* Build configuration list for PBXProject "MapsApp" */;
			compatibilityVersion = "Xcode 14.0";
			developmentRegion = en;
			hasScannedForEncodings = 0;
			knownRegions = (
				en,
				Base,
			);
			mainGroup = 0B353B092A1A6361003816C3;
			productRefGroup = 0B353B132A1A6361003816C3 /* Products */;
			projectDirPath = "";
			projectRoot = "";
			targets = (
				0B353B112A1A6361003816C3 /* MapsApp */,
				0B353B272A1A6364003816C3 /* MapsAppTests */,
				0B353B312A1A6364003816C3 /* MapsAppUITests */,
			);
		};
/* End PBXProject section */

/* Begin PBXResourcesBuildPhase section */
		0B353B102A1A6361003816C3 /* Resources */ = {
			isa = PBXResourcesBuildPhase;
			buildActionMask = 2147483647;
			files = (
				0B353B222A1A6364003816C3 /* LaunchScreen.storyboard in Resources */,
				0B353B1F2A1A6364003816C3 /* Assets.xcassets in Resources */,
				0B353B1D2A1A6361003816C3 /* Main.storyboard in Resources */,
			);
			runOnlyForDeploymentPostprocessing = 0;
		};
		0B353B262A1A6364003816C3 /* Resources */ = {
			isa = PBXResourcesBuildPhase;
			buildActionMask = 2147483647;
			files = (
			);
			runOnlyForDeploymentPostprocessing = 0;
		};
		0B353B302A1A6364003816C3 /* Resources */ = {
			isa = PBXResourcesBuildPhase;
			buildActionMask = 2147483647;
			files = (
			);
			runOnlyForDeploymentPostprocessing = 0;
		};
/* End PBXResourcesBuildPhase section */

/* Begin PBXSourcesBuildPhase section */
		0B353B0E2A1A6361003816C3 /* Sources */ = {
			isa = PBXSourcesBuildPhase;
			buildActionMask = 2147483647;
			files = (
				0B353B1A2A1A6361003816C3 /* ViewController.swift in Sources */,
				0B353B162A1A6361003816C3 /* AppDelegate.swift in Sources */,
				0B353B182A1A6361003816C3 /* SceneDelegate.swift in Sources */,
			);
			runOnlyForDeploymentPostprocessing = 0;
		};
		0B353B242A1A6364003816C3 /* Sources */ = {
			isa = PBXSourcesBuildPhase;
			buildActionMask = 2147483647;
			files = (
				0B353B2D2A1A6364003816C3 /* MapsAppTests.swift in Sources */,
			);
			runOnlyForDeploymentPostprocessing = 0;
		};
		0B353B2E2A1A6364003816C3 /* Sources */ = {
			isa = PBXSourcesBuildPhase;
			buildActionMask = 2147483647;
			files = (
				0B353B372A1A6364003816C3 /* MapsAppUITests.swift in Sources */,
				0B353B392A1A6364003816C3 /* MapsAppUITestsLaunchTests.swift in Sources */,
			);
			runOnlyForDeploymentPostprocessing = 0;
		};
/* End PBXSourcesBuildPhase section */

/* Begin PBXTargetDependency section */
		0B353B2A2A1A6364003816C3 /* PBXTargetDependency */ = {
			isa = PBXTargetDependency;
			target = 0B353B112A1A6361003816C3 /* MapsApp */;
			targetProxy = 0B353B292A1A6364003816C3 /* PBXContainerItemProxy */;
		};
		0B353B342A1A6364003816C3 /* PBXTargetDependency */ = {
			isa = PBXTargetDependency;
			target = 0B353B112A1A6361003816C3 /* MapsApp */;
			targetProxy = 0B353B332A1A6364003816C3 /* PBXContainerItemProxy */;
		};
/* End PBXTargetDependency section */

/* Begin PBXVariantGroup section */
		0B353B1B2A1A6361003816C3 /* Main.storyboard */ = {
			isa = PBXVariantGroup;
			children = (
				0B353B1C2A1A6361003816C3 /* Base */,
			);
			name = Main.storyboard;
			sourceTree = "<group>";
		};
		0B353B202A1A6364003816C3 /* LaunchScreen.storyboard */ = {
			isa = PBXVariantGroup;
			children = (
				0B353B212A1A6364003816C3 /* Base */,
			);
			name = LaunchScreen.storyboard;
			sourceTree = "<group>";
		};
/* End PBXVariantGroup section */

/* Begin XCBuildConfiguration section */
		0B353B3A2A1A6364003816C3 /* Debug */ = {
			isa = XCBuildConfiguration;
			buildSettings = {
				ALWAYS_SEARCH_USER_PATHS = NO;
				CLANG_ANALYZER_NONNULL = YES;
				CLANG_ANALYZER_NUMBER_OBJECT_CONVERSION = YES_AGGRESSIVE;
				CLANG_CXX_LANGUAGE_STANDARD = "gnu++20";
				CLANG_ENABLE_MODULES = YES;
				CLANG_ENABLE_OBJC_ARC = YES;
				CLANG_ENABLE_OBJC_WEAK = YES;
				CLANG_WARN_BLOCK_CAPTURE_AUTORELEASING = YES;
				CLANG_WARN_BOOL_CONVERSION = YES;
				CLANG_WARN_COMMA = YES;
				CLANG_WARN_CONSTANT_CONVERSION = YES;
				CLANG_WARN_DEPRECATED_OBJC_IMPLEMENTATIONS = YES;
				CLANG_WARN_DIRECT_OBJC_ISA_USAGE = YES_ERROR;
				CLANG_WARN_DOCUMENTATION_COMMENTS = YES;
				CLANG_WARN_EMPTY_BODY = YES;
				CLANG_WARN_ENUM_CONVERSION = YES;
				CLANG_WARN_INFINITE_RECURSION = YES;
				CLANG_WARN_INT_CONVERSION = YES;
				CLANG_WARN_NON_LITERAL_NULL_CONVERSION = YES;
				CLANG_WARN_OBJC_IMPLICIT_RETAIN_SELF = YES;
				CLANG_WARN_OBJC_LITERAL_CONVERSION = YES;
				CLANG_WARN_OBJC_ROOT_CLASS = YES_ERROR;
				CLANG_WARN_QUOTED_INCLUDE_IN_FRAMEWORK_HEADER = YES;
				CLANG_WARN_RANGE_LOOP_ANALYSIS = YES;
				CLANG_WARN_STRICT_PROTOTYPES = YES;
				CLANG_WARN_SUSPICIOUS_MOVE = YES;
				CLANG_WARN_UNGUARDED_AVAILABILITY = YES_AGGRESSIVE;
				CLANG_WARN_UNREACHABLE_CODE = YES;
				CLANG_WARN__DUPLICATE_METHOD_MATCH = YES;
				COPY_PHASE_STRIP = NO;
				DEBUG_INFORMATION_FORMAT = dwarf;
				ENABLE_STRICT_OBJC_MSGSEND = YES;
				ENABLE_TESTABILITY = YES;
				GCC_C_LANGUAGE_STANDARD = gnu11;
				GCC_DYNAMIC_NO_PIC = NO;
				GCC_NO_COMMON_BLOCKS = YES;
				GCC_OPTIMIZATION_LEVEL = 0;
				GCC_PREPROCESSOR_DEFINITIONS = (
					"DEBUG=1",
					"$(inherited)",
				);
				GCC_WARN_64_TO_32_BIT_CONVERSION = YES;
				GCC_WARN_ABOUT_RETURN_TYPE = YES_ERROR;
				GCC_WARN_UNDECLARED_SELECTOR = YES;
				GCC_WARN_UNINITIALIZED_AUTOS = YES_AGGRESSIVE;
				GCC_WARN_UNUSED_FUNCTION = YES;
				GCC_WARN_UNUSED_VARIABLE = YES;
				IPHONEOS_DEPLOYMENT_TARGET = 16.4;
				MTL_ENABLE_DEBUG_INFO = INCLUDE_SOURCE;
				MTL_FAST_MATH = YES;
				ONLY_ACTIVE_ARCH = YES;
				SDKROOT = iphoneos;
				SWIFT_ACTIVE_COMPILATION_CONDITIONS = DEBUG;
				SWIFT_OPTIMIZATION_LEVEL = "-Onone";
			};
			name = Debug;
		};
		0B353B3B2A1A6364003816C3 /* Release */ = {
			isa = XCBuildConfiguration;
			buildSettings = {
				ALWAYS_SEARCH_USER_PATHS = NO;
				CLANG_ANALYZER_NONNULL = YES;
				CLANG_ANALYZER_NUMBER_OBJECT_CONVERSION = YES_AGGRESSIVE;
				CLANG_CXX_LANGUAGE_STANDARD = "gnu++20";
				CLANG_ENABLE_MODULES = YES;
				CLANG_ENABLE_OBJC_ARC = YES;
				CLANG_ENABLE_OBJC_WEAK = YES;
				CLANG_WARN_BLOCK_CAPTURE_AUTORELEASING = YES;
				CLANG_WARN_BOOL_CONVERSION = YES;
				CLANG_WARN_COMMA = YES;
				CLANG_WARN_CONSTANT_CONVERSION = YES;
				CLANG_WARN_DEPRECATED_OBJC_IMPLEMENTATIONS = YES;
				CLANG_WARN_DIRECT_OBJC_ISA_USAGE = YES_ERROR;
				CLANG_WARN_DOCUMENTATION_COMMENTS = YES;
				CLANG_WARN_EMPTY_BODY = YES;
				CLANG_WARN_ENUM_CONVERSION = YES;
				CLANG_WARN_INFINITE_RECURSION = YES;
				CLANG_WARN_INT_CONVERSION = YES;
				CLANG_WARN_NON_LITERAL_NULL_CONVERSION = YES;
				CLANG_WARN_OBJC_IMPLICIT_RETAIN_SELF = YES;
				CLANG_WARN_OBJC_LITERAL_CONVERSION = YES;
				CLANG_WARN_OBJC_ROOT_CLASS = YES_ERROR;
				CLANG_WARN_QUOTED_INCLUDE_IN_FRAMEWORK_HEADER = YES;
				CLANG_WARN_RANGE_LOOP_ANALYSIS = YES;
				CLANG_WARN_STRICT_PROTOTYPES = YES;
				CLANG_WARN_SUSPICIOUS_MOVE = YES;
				CLANG_WARN_UNGUARDED_AVAILABILITY = YES_AGGRESSIVE;
				CLANG_WARN_UNREACHABLE_CODE = YES;
				CLANG_WARN__DUPLICATE_METHOD_MATCH = YES;
				COPY_PHASE_STRIP = NO;
				DEBUG_INFORMATION_FORMAT = "dwarf-with-dsym";
				ENABLE_NS_ASSERTIONS = NO;
				ENABLE_STRICT_OBJC_MSGSEND = YES;
				GCC_C_LANGUAGE_STANDARD = gnu11;
				GCC_NO_COMMON_BLOCKS = YES;
				GCC_WARN_64_TO_32_BIT_CONVERSION = YES;
				GCC_WARN_ABOUT_RETURN_TYPE = YES_ERROR;
				GCC_WARN_UNDECLARED_SELECTOR = YES;
				GCC_WARN_UNINITIALIZED_AUTOS = YES_AGGRESSIVE;
				GCC_WARN_UNUSED_FUNCTION = YES;
				GCC_WARN_UNUSED_VARIABLE = YES;
				IPHONEOS_DEPLOYMENT_TARGET = 16.4;
				MTL_ENABLE_DEBUG_INFO = NO;
				MTL_FAST_MATH = YES;
				SDKROOT = iphoneos;
				SWIFT_COMPILATION_MODE = wholemodule;
				SWIFT_OPTIMIZATION_LEVEL = "-O";
				VALIDATE_PRODUCT = YES;
			};
			name = Release;
		};
		0B353B3D2A1A6364003816C3 /* Debug */ = {
			isa = XCBuildConfiguration;
			buildSettings = {
				ASSETCATALOG_COMPILER_APPICON_NAME = AppIcon;
				ASSETCATALOG_COMPILER_GLOBAL_ACCENT_COLOR_NAME = AccentColor;
				CODE_SIGN_STYLE = Automatic;
				CURRENT_PROJECT_VERSION = 1;
				GENERATE_INFOPLIST_FILE = YES;
				INFOPLIST_FILE = MapsApp/Info.plist;
				INFOPLIST_KEY_UIApplicationSupportsIndirectInputEvents = YES;
				INFOPLIST_KEY_UILaunchStoryboardName = LaunchScreen;
				INFOPLIST_KEY_UIMainStoryboardFile = Main;
				INFOPLIST_KEY_UISupportedInterfaceOrientations_iPad = "UIInterfaceOrientationPortrait UIInterfaceOrientationPortraitUpsideDown UIInterfaceOrientationLandscapeLeft UIInterfaceOrientationLandscapeRight";
				INFOPLIST_KEY_UISupportedInterfaceOrientations_iPhone = "UIInterfaceOrientationPortrait UIInterfaceOrientationLandscapeLeft UIInterfaceOrientationLandscapeRight";
				LD_RUNPATH_SEARCH_PATHS = (
					"$(inherited)",
					"@executable_path/Frameworks",
				);
				MARKETING_VERSION = 1.0;
				PRODUCT_BUNDLE_IDENTIFIER = com.wim.MapsApp;
				PRODUCT_NAME = "$(TARGET_NAME)";
				SWIFT_EMIT_LOC_STRINGS = YES;
				SWIFT_VERSION = 5.0;
				TARGETED_DEVICE_FAMILY = "1,2";
			};
			name = Debug;
		};
		0B353B3E2A1A6364003816C3 /* Release */ = {
			isa = XCBuildConfiguration;
			buildSettings = {
				ASSETCATALOG_COMPILER_APPICON_NAME = AppIcon;
				ASSETCATALOG_COMPILER_GLOBAL_ACCENT_COLOR_NAME = AccentColor;
				CODE_SIGN_STYLE = Automatic;
				CURRENT_PROJECT_VERSION = 1;
				GENERATE_INFOPLIST_FILE = YES;
				INFOPLIST_FILE = MapsApp/Info.plist;
				INFOPLIST_KEY_UIApplicationSupportsIndirectInputEvents = YES;
				INFOPLIST_KEY_UILaunchStoryboardName = LaunchScreen;
				INFOPLIST_KEY_UIMainStoryboardFile = Main;
				INFOPLIST_KEY_UISupportedInterfaceOrientations_iPad = "UIInterfaceOrientationPortrait UIInterfaceOrientationPortraitUpsideDown UIInterfaceOrientationLandscapeLeft UIInterfaceOrientationLandscapeRight";
				INFOPLIST_KEY_UISupportedInterfaceOrientations_iPhone = "UIInterfaceOrientationPortrait UIInterfaceOrientationLandscapeLeft UIInterfaceOrientationLandscapeRight";
				LD_RUNPATH_SEARCH_PATHS = (
					"$(inherited)",
					"@executable_path/Frameworks",
				);
				MARKETING_VERSION = 1.0;
				PRODUCT_BUNDLE_IDENTIFIER = com.wim.MapsApp;
				PRODUCT_NAME = "$(TARGET_NAME)";
				SWIFT_EMIT_LOC_STRINGS = YES;
				SWIFT_VERSION = 5.0;
				TARGETED_DEVICE_FAMILY = "1,2";
			};
			name = Release;
		};
		0B353B402A1A6364003816C3 /* Debug */ = {
			isa = XCBuildConfiguration;
			buildSettings = {
				ALWAYS_EMBED_SWIFT_STANDARD_LIBRARIES = YES;
				BUNDLE_LOADER = "$(TEST_HOST)";
				CODE_SIGN_STYLE = Automatic;
				CURRENT_PROJECT_VERSION = 1;
				GENERATE_INFOPLIST_FILE = YES;
				IPHONEOS_DEPLOYMENT_TARGET = 16.4;
				MARKETING_VERSION = 1.0;
				PRODUCT_BUNDLE_IDENTIFIER = com.wim.MapsAppTests;
				PRODUCT_NAME = "$(TARGET_NAME)";
				SWIFT_EMIT_LOC_STRINGS = NO;
				SWIFT_VERSION = 5.0;
				TARGETED_DEVICE_FAMILY = "1,2";
				TEST_HOST = "$(BUILT_PRODUCTS_DIR)/MapsApp.app/$(BUNDLE_EXECUTABLE_FOLDER_PATH)/MapsApp";
			};
			name = Debug;
		};
		0B353B412A1A6364003816C3 /* Release */ = {
			isa = XCBuildConfiguration;
			buildSettings = {
				ALWAYS_EMBED_SWIFT_STANDARD_LIBRARIES = YES;
				BUNDLE_LOADER = "$(TEST_HOST)";
				CODE_SIGN_STYLE = Automatic;
				CURRENT_PROJECT_VERSION = 1;
				GENERATE_INFOPLIST_FILE = YES;
				IPHONEOS_DEPLOYMENT_TARGET = 16.4;
				MARKETING_VERSION = 1.0;
				PRODUCT_BUNDLE_IDENTIFIER = com.wim.MapsAppTests;
				PRODUCT_NAME = "$(TARGET_NAME)";
				SWIFT_EMIT_LOC_STRINGS = NO;
				SWIFT_VERSION = 5.0;
				TARGETED_DEVICE_FAMILY = "1,2";
				TEST_HOST = "$(BUILT_PRODUCTS_DIR)/MapsApp.app/$(BUNDLE_EXECUTABLE_FOLDER_PATH)/MapsApp";
			};
			name = Release;
		};
		0B353B432A1A6364003816C3 /* Debug */ = {
			isa = XCBuildConfiguration;
			buildSettings = {
				ALWAYS_EMBED_SWIFT_STANDARD_LIBRARIES = YES;
				CODE_SIGN_STYLE = Automatic;
				CURRENT_PROJECT_VERSION = 1;
				GENERATE_INFOPLIST_FILE = YES;
				MARKETING_VERSION = 1.0;
				PRODUCT_BUNDLE_IDENTIFIER = com.wim.MapsAppUITests;
				PRODUCT_NAME = "$(TARGET_NAME)";
				SWIFT_EMIT_LOC_STRINGS = NO;
				SWIFT_VERSION = 5.0;
				TARGETED_DEVICE_FAMILY = "1,2";
				TEST_TARGET_NAME = MapsApp;
			};
			name = Debug;
		};
		0B353B442A1A6364003816C3 /* Release */ = {
			isa = XCBuildConfiguration;
			buildSettings = {
				ALWAYS_EMBED_SWIFT_STANDARD_LIBRARIES = YES;
				CODE_SIGN_STYLE = Automatic;
				CURRENT_PROJECT_VERSION = 1;
				GENERATE_INFOPLIST_FILE = YES;
				MARKETING_VERSION = 1.0;
				PRODUCT_BUNDLE_IDENTIFIER = com.wim.MapsAppUITests;
				PRODUCT_NAME = "$(TARGET_NAME)";
				SWIFT_EMIT_LOC_STRINGS = NO;
				SWIFT_VERSION = 5.0;
				TARGETED_DEVICE_FAMILY = "1,2";
				TEST_TARGET_NAME = MapsApp;
			};
			name = Release;
		};
/* End XCBuildConfiguration section */

/* Begin XCConfigurationList section */
		0B353B0D2A1A6361003816C3 /* Build configuration list for PBXProject "MapsApp" */ = {
			isa = XCConfigurationList;
			buildConfigurations = (
				0B353B3A2A1A6364003816C3 /* Debug */,
				0B353B3B2A1A6364003816C3 /* Release */,
			);
			defaultConfigurationIsVisible = 0;
			defaultConfigurationName = Release;
		};
		0B353B3C2A1A6364003816C3 /* Build configuration list for PBXNativeTarget "MapsApp" */ = {
			isa = XCConfigurationList;
			buildConfigurations = (
				0B353B3D2A1A6364003816C3 /* Debug */,
				0B353B3E2A1A6364003816C3 /* Release */,
			);
			defaultConfigurationIsVisible = 0;
			defaultConfigurationName = Release;
		};
		0B353B3F2A1A6364003816C3 /* Build configuration list for PBXNativeTarget "MapsAppTests" */ = {
			isa = XCConfigurationList;
			buildConfigurations = (
				0B353B402A1A6364003816C3 /* Debug */,
				0B353B412A1A6364003816C3 /* Release */,
			);
			defaultConfigurationIsVisible = 0;
			defaultConfigurationName = Release;
		};
		0B353B422A1A6364003816C3 /* Build configuration list for PBXNativeTarget "MapsAppUITests" */ = {
			isa = XCConfigurationList;
			buildConfigurations = (
				0B353B432A1A6364003816C3 /* Debug */,
				0B353B442A1A6364003816C3 /* Release */,
			);
			defaultConfigurationIsVisible = 0;
			defaultConfigurationName = Release;
		};
/* End XCConfigurationList section */
	};
	rootObject = 0B353B0A2A1A6361003816C3 /* Project object */;
}
